{
  "name": "gcp-upload",
  "version": "1.0.0",
  "lockfileVersion": 1,
  "requires": true,
  "dependencies": {
    "@google-cloud/common": {
      "version": "0.16.2",
      "resolved": "https://registry.npmjs.org/@google-cloud/common/-/common-0.16.2.tgz",
      "integrity": "sha512-GrkaFoj0/oO36pNs4yLmaYhTujuA3i21FdQik99Fd/APix1uhf01VlpJY4lAteTDFLRNkRx6ydEh7OVvmeUHng==",
      "requires": {
        "array-uniq": "^1.0.3",
        "arrify": "^1.0.1",
        "concat-stream": "^1.6.0",
        "create-error-class": "^3.0.2",
        "duplexify": "^3.5.0",
        "ent": "^2.2.0",
        "extend": "^3.0.1",
        "google-auto-auth": "^0.9.0",
        "is": "^3.2.0",
        "log-driver": "1.2.7",
        "methmeth": "^1.1.0",
        "modelo": "^4.2.0",
        "request": "^2.79.0",
        "retry-request": "^3.0.0",
        "split-array-stream": "^1.0.0",
        "stream-events": "^1.0.1",
        "string-format-obj": "^1.1.0",
        "through2": "^2.0.3"
      }
    },
    "@google-cloud/storage": {
      "version": "1.6.0",
      "resolved": "https://registry.npmjs.org/@google-cloud/storage/-/storage-1.6.0.tgz",
      "integrity": "sha512-yQ63bJYoiwY220gn/KdTLPoHppAPwFHfG7VFLPwJ+1R5U1eqUN5XV2a7uPj1szGF8/gxlKm2UbE8DgoJJ76DFw==",
      "requires": {
        "@google-cloud/common": "^0.16.1",
        "arrify": "^1.0.0",
        "async": "^2.0.1",
        "compressible": "^2.0.12",
        "concat-stream": "^1.5.0",
        "create-error-class": "^3.0.2",
        "duplexify": "^3.5.0",
        "extend": "^3.0.0",
        "gcs-resumable-upload": "^0.9.0",
        "hash-stream-validation": "^0.2.1",
        "is": "^3.0.1",
        "mime": "^2.2.0",
        "mime-types": "^2.0.8",
        "once": "^1.3.1",
        "pumpify": "^1.3.3",
        "request": "^2.83.0",
        "safe-buffer": "^5.1.1",
        "snakeize": "^0.1.0",
        "stream-events": "^1.0.1",
        "string-format-obj": "^1.0.0",
        "through2": "^2.0.0"
      }
    },
    "ajv": {
      "version": "5.5.2",
      "resolved": "https://registry.npmjs.org/ajv/-/ajv-5.5.2.tgz",
      "integrity": "sha1-c7Xuyj+rZT49P5Qis0GtQiBdyWU=",
      "requires": {
        "co": "^4.6.0",
        "fast-deep-equal": "^1.0.0",
        "fast-json-stable-stringify": "^2.0.0",
        "json-schema-traverse": "^0.3.0"
      }
    },
    "array-parallel": {
      "version": "0.1.3",
      "resolved": "https://registry.npmjs.org/array-parallel/-/array-parallel-0.1.3.tgz",
      "integrity": "sha1-j3hTCJJu1apHjEfmTRszS2wMlH0="
    },
    "array-series": {
      "version": "0.1.5",
      "resolved": "https://registry.npmjs.org/array-series/-/array-series-0.1.5.tgz",
      "integrity": "sha1-3103v8XC7wdV4qpPkv6ufUtaly8="
    },
    "array-uniq": {
      "version": "1.0.3",
      "resolved": "https://registry.npmjs.org/array-uniq/-/array-uniq-1.0.3.tgz",
      "integrity": "sha1-r2rId6Jcx/dOBYiUdThY39sk/bY="
    },
    "arrify": {
      "version": "1.0.1",
      "resolved": "https://registry.npmjs.org/arrify/-/arrify-1.0.1.tgz",
      "integrity": "sha1-iYUI2iIm84DfkEcoRWhJwVAaSw0="
    },
    "asn1": {
      "version": "0.2.3",
      "resolved": "https://registry.npmjs.org/asn1/-/asn1-0.2.3.tgz",
      "integrity": "sha1-2sh4dxPJlmhJ/IGAd36+nB3fO4Y="
    },
    "assert-plus": {
      "version": "1.0.0",
      "resolved": "https://registry.npmjs.org/assert-plus/-/assert-plus-1.0.0.tgz",
      "integrity": "sha1-8S4PPF13sLHN2RRpQuTpbB5N1SU="
    },
    "async": {
      "version": "2.6.0",
      "resolved": "https://registry.npmjs.org/async/-/async-2.6.0.tgz",
      "integrity": "sha512-xAfGg1/NTLBBKlHFmnd7PlmUW9KhVQIUuSrYem9xzFUZy13ScvtyGGejaae9iAVRiRq9+Cx7DPFaAAhCpyxyPw==",
      "requires": {
        "lodash": "^4.14.0"
      }
    },
    "asynckit": {
      "version": "0.4.0",
      "resolved": "https://registry.npmjs.org/asynckit/-/asynckit-0.4.0.tgz",
      "integrity": "sha1-x57Zf380y48robyXkLzDZkdLS3k="
    },
    "aws-sign2": {
      "version": "0.7.0",
      "resolved": "https://registry.npmjs.org/aws-sign2/-/aws-sign2-0.7.0.tgz",
      "integrity": "sha1-tG6JCTSpWR8tL2+G1+ap8bP+dqg="
    },
    "aws4": {
      "version": "1.6.0",
      "resolved": "https://registry.npmjs.org/aws4/-/aws4-1.6.0.tgz",
      "integrity": "sha1-g+9cqGCysy5KDe7e6MdxudtXRx4="
    },
    "axios": {
      "version": "0.18.0",
      "resolved": "https://registry.npmjs.org/axios/-/axios-0.18.0.tgz",
      "integrity": "sha1-MtU+SFHv3AoRmTts0AB4nXDAUQI=",
      "requires": {
        "follow-redirects": "^1.3.0",
        "is-buffer": "^1.1.5"
      }
    },
    "base64url": {
      "version": "2.0.0",
      "resolved": "https://registry.npmjs.org/base64url/-/base64url-2.0.0.tgz",
      "integrity": "sha1-6sFuA+oUOO/5Qj1puqNiYu0fcLs="
    },
    "bcrypt-pbkdf": {
      "version": "1.0.1",
      "resolved": "https://registry.npmjs.org/bcrypt-pbkdf/-/bcrypt-pbkdf-1.0.1.tgz",
      "integrity": "sha1-Y7xdy2EzG5K8Bf1SiVPDNGKgb40=",
      "optional": true,
      "requires": {
        "tweetnacl": "^0.14.3"
      }
    },
    "boom": {
      "version": "4.3.1",
      "resolved": "https://registry.npmjs.org/boom/-/boom-4.3.1.tgz",
      "integrity": "sha1-T4owBctKfjiJ90kDD9JbluAdLjE=",
      "requires": {
        "hoek": "4.x.x"
      }
    },
    "buffer-equal": {
      "version": "1.0.0",
      "resolved": "https://registry.npmjs.org/buffer-equal/-/buffer-equal-1.0.0.tgz",
      "integrity": "sha1-WWFrSYME1Var1GaWayLu2j7KX74="
    },
    "buffer-equal-constant-time": {
      "version": "1.0.1",
      "resolved": "https://registry.npmjs.org/buffer-equal-constant-time/-/buffer-equal-constant-time-1.0.1.tgz",
      "integrity": "sha1-+OcRMvf/5uAaXJaXpMbz5I1cyBk="
    },
    "buffer-from": {
      "version": "1.0.0",
      "resolved": "https://registry.npmjs.org/buffer-from/-/buffer-from-1.0.0.tgz",
      "integrity": "sha512-83apNb8KK0Se60UE1+4Ukbe3HbfELJ6UlI4ldtOGs7So4KD26orJM8hIY9lxdzP+UpItH1Yh/Y8GUvNFWFFRxA=="
    },
    "capture-stack-trace": {
      "version": "1.0.0",
      "resolved": "https://registry.npmjs.org/capture-stack-trace/-/capture-stack-trace-1.0.0.tgz",
      "integrity": "sha1-Sm+gc5nCa7pH8LJJa00PtAjFVQ0="
    },
    "caseless": {
      "version": "0.12.0",
      "resolved": "https://registry.npmjs.org/caseless/-/caseless-0.12.0.tgz",
      "integrity": "sha1-G2gcIf+EAzyCZUMJBolCDRhxUdw="
    },
    "co": {
      "version": "4.6.0",
      "resolved": "https://registry.npmjs.org/co/-/co-4.6.0.tgz",
      "integrity": "sha1-bqa989hTrlTMuOR7+gvz+QMfsYQ="
    },
    "combined-stream": {
      "version": "1.0.6",
      "resolved": "https://registry.npmjs.org/combined-stream/-/combined-stream-1.0.6.tgz",
      "integrity": "sha1-cj599ugBrFYTETp+RFqbactjKBg=",
      "requires": {
        "delayed-stream": "~1.0.0"
      }
    },
    "compressible": {
      "version": "2.0.13",
      "resolved": "https://registry.npmjs.org/compressible/-/compressible-2.0.13.tgz",
      "integrity": "sha1-DRAgq5JLL9tNYnmHXH1tq6a6p6k=",
      "requires": {
        "mime-db": ">= 1.33.0 < 2"
      }
    },
    "concat-stream": {
      "version": "1.6.2",
      "resolved": "https://registry.npmjs.org/concat-stream/-/concat-stream-1.6.2.tgz",
      "integrity": "sha512-27HBghJxjiZtIk3Ycvn/4kbJk/1uZuJFfuPEns6LaEvpvG1f0hTea8lilrouyo9mVc2GWdcEZ8OLoGmSADlrCw==",
      "requires": {
        "buffer-from": "^1.0.0",
        "inherits": "^2.0.3",
        "readable-stream": "^2.2.2",
        "typedarray": "^0.0.6"
      }
    },
    "configstore": {
      "version": "3.1.2",
      "resolved": "https://registry.npmjs.org/configstore/-/configstore-3.1.2.tgz",
      "integrity": "sha512-vtv5HtGjcYUgFrXc6Kx747B83MRRVS5R1VTEQoXvuP+kMI+if6uywV0nDGoiydJRy4yk7h9od5Og0kxx4zUXmw==",
      "requires": {
        "dot-prop": "^4.1.0",
        "graceful-fs": "^4.1.2",
        "make-dir": "^1.0.0",
        "unique-string": "^1.0.0",
        "write-file-atomic": "^2.0.0",
        "xdg-basedir": "^3.0.0"
      }
    },
    "core-util-is": {
      "version": "1.0.2",
      "resolved": "https://registry.npmjs.org/core-util-is/-/core-util-is-1.0.2.tgz",
      "integrity": "sha1-tf1UIgqivFq1eqtxQMlAdUUDwac="
    },
    "create-error-class": {
      "version": "3.0.2",
      "resolved": "https://registry.npmjs.org/create-error-class/-/create-error-class-3.0.2.tgz",
      "integrity": "sha1-Br56vvlHo/FKMP1hBnHUAbyot7Y=",
      "requires": {
        "capture-stack-trace": "^1.0.0"
      }
    },
    "cross-spawn": {
      "version": "4.0.2",
      "resolved": "https://registry.npmjs.org/cross-spawn/-/cross-spawn-4.0.2.tgz",
      "integrity": "sha1-e5JHYhwjrf3ThWAEqCPL45dCTUE=",
      "requires": {
        "lru-cache": "^4.0.1",
        "which": "^1.2.9"
      }
    },
    "cryptiles": {
      "version": "3.1.2",
      "resolved": "https://registry.npmjs.org/cryptiles/-/cryptiles-3.1.2.tgz",
      "integrity": "sha1-qJ+7Ig9c4l7FboxKqKT9e1sNKf4=",
      "requires": {
        "boom": "5.x.x"
      },
      "dependencies": {
        "boom": {
          "version": "5.2.0",
          "resolved": "https://registry.npmjs.org/boom/-/boom-5.2.0.tgz",
          "integrity": "sha512-Z5BTk6ZRe4tXXQlkqftmsAUANpXmuwlsF5Oov8ThoMbQRzdGTA1ngYRW160GexgOgjsFOKJz0LYhoNi+2AMBUw==",
          "requires": {
            "hoek": "4.x.x"
          }
        }
      }
    },
    "crypto-random-string": {
      "version": "1.0.0",
      "resolved": "https://registry.npmjs.org/crypto-random-string/-/crypto-random-string-1.0.0.tgz",
      "integrity": "sha1-ojD2T1aDEOFJgAmUB5DsmVRbyn4="
    },
    "dashdash": {
      "version": "1.14.1",
      "resolved": "https://registry.npmjs.org/dashdash/-/dashdash-1.14.1.tgz",
      "integrity": "sha1-hTz6D3y+L+1d4gMmuN1YEDX24vA=",
      "requires": {
        "assert-plus": "^1.0.0"
      }
    },
    "debug": {
      "version": "3.1.0",
      "resolved": "https://registry.npmjs.org/debug/-/debug-3.1.0.tgz",
      "integrity": "sha512-OX8XqP7/1a9cqkxYw2yXss15f26NKWBpDXQd0/uK/KPqdQhxbPa994hnzjcE2VqQpDslf55723cKPUOGSmMY3g==",
      "requires": {
        "ms": "2.0.0"
      }
    },
    "delayed-stream": {
      "version": "1.0.0",
      "resolved": "https://registry.npmjs.org/delayed-stream/-/delayed-stream-1.0.0.tgz",
      "integrity": "sha1-3zrhmayt+31ECqrgsp4icrJOxhk="
    },
    "dot-prop": {
      "version": "4.2.0",
      "resolved": "https://registry.npmjs.org/dot-prop/-/dot-prop-4.2.0.tgz",
      "integrity": "sha512-tUMXrxlExSW6U2EXiiKGSBVdYgtV8qlHL+C10TsW4PURY/ic+eaysnSkwB4kA/mBlCyy/IKDJ+Lc3wbWeaXtuQ==",
      "requires": {
        "is-obj": "^1.0.0"
      }
    },
    "duplexify": {
      "version": "3.5.4",
      "resolved": "https://registry.npmjs.org/duplexify/-/duplexify-3.5.4.tgz",
      "integrity": "sha512-JzYSLYMhoVVBe8+mbHQ4KgpvHpm0DZpJuL8PY93Vyv1fW7jYJ90LoXa1di/CVbJM+TgMs91rbDapE/RNIfnJsA==",
      "requires": {
        "end-of-stream": "^1.0.0",
        "inherits": "^2.0.1",
        "readable-stream": "^2.0.0",
        "stream-shift": "^1.0.0"
      }
    },
    "ecc-jsbn": {
      "version": "0.1.1",
      "resolved": "https://registry.npmjs.org/ecc-jsbn/-/ecc-jsbn-0.1.1.tgz",
      "integrity": "sha1-D8c6ntXw1Tw4GTOYUj735UN3dQU=",
      "optional": true,
      "requires": {
        "jsbn": "~0.1.0"
      }
    },
    "ecdsa-sig-formatter": {
      "version": "1.0.9",
      "resolved": "https://registry.npmjs.org/ecdsa-sig-formatter/-/ecdsa-sig-formatter-1.0.9.tgz",
      "integrity": "sha1-S8kmJ07Dtau1AW5+HWCSGsJisqE=",
      "requires": {
        "base64url": "^2.0.0",
        "safe-buffer": "^5.0.1"
      }
    },
    "end-of-stream": {
      "version": "1.4.1",
      "resolved": "https://registry.npmjs.org/end-of-stream/-/end-of-stream-1.4.1.tgz",
      "integrity": "sha512-1MkrZNvWTKCaigbn+W15elq2BB/L22nqrSY5DKlo3X6+vclJm8Bb5djXJBmEX6fS3+zCh/F4VBK5Z2KxJt4s2Q==",
      "requires": {
        "once": "^1.4.0"
      }
    },
    "ent": {
      "version": "2.2.0",
      "resolved": "https://registry.npmjs.org/ent/-/ent-2.2.0.tgz",
      "integrity": "sha1-6WQhkyWiHQX0RGai9obtbOX13R0="
    },
    "extend": {
      "version": "3.0.1",
      "resolved": "https://registry.npmjs.org/extend/-/extend-3.0.1.tgz",
      "integrity": "sha1-p1Xqe8Gt/MWjHOfnYtuq3F5jZEQ="
    },
    "extsprintf": {
      "version": "1.3.0",
      "resolved": "https://registry.npmjs.org/extsprintf/-/extsprintf-1.3.0.tgz",
      "integrity": "sha1-lpGEQOMEGnpBT4xS48V06zw+HgU="
    },
    "fast-deep-equal": {
      "version": "1.1.0",
      "resolved": "https://registry.npmjs.org/fast-deep-equal/-/fast-deep-equal-1.1.0.tgz",
      "integrity": "sha1-wFNHeBfIa1HaqFPIHgWbcz0CNhQ="
    },
    "fast-json-stable-stringify": {
      "version": "2.0.0",
      "resolved": "https://registry.npmjs.org/fast-json-stable-stringify/-/fast-json-stable-stringify-2.0.0.tgz",
      "integrity": "sha1-1RQsDK7msRifh9OnYREGT4bIu/I="
    },
    "follow-redirects": {
      "version": "1.4.1",
      "resolved": "https://registry.npmjs.org/follow-redirects/-/follow-redirects-1.4.1.tgz",
      "integrity": "sha512-uxYePVPogtya1ktGnAAXOacnbIuRMB4dkvqeNz2qTtTQsuzSfbDolV+wMMKxAmCx0bLgAKLbBOkjItMbbkR1vg==",
      "requires": {
        "debug": "^3.1.0"
      }
    },
    "forever-agent": {
      "version": "0.6.1",
      "resolved": "https://registry.npmjs.org/forever-agent/-/forever-agent-0.6.1.tgz",
      "integrity": "sha1-+8cfDEGt6zf5bFd60e1C2P2sypE="
    },
    "form-data": {
      "version": "2.3.2",
      "resolved": "https://registry.npmjs.org/form-data/-/form-data-2.3.2.tgz",
      "integrity": "sha1-SXBJi+YEwgwAXU9cI67NIda0kJk=",
      "requires": {
        "asynckit": "^0.4.0",
        "combined-stream": "1.0.6",
        "mime-types": "^2.1.12"
      }
    },
    "gcp-metadata": {
      "version": "0.6.3",
      "resolved": "https://registry.npmjs.org/gcp-metadata/-/gcp-metadata-0.6.3.tgz",
      "integrity": "sha512-MSmczZctbz91AxCvqp9GHBoZOSbJKAICV7Ow/AIWSJZRrRchUd5NL1b2P4OfP+4m490BEUPhhARfpHdqCxuCvg==",
      "requires": {
        "axios": "^0.18.0",
        "extend": "^3.0.1",
        "retry-axios": "0.3.2"
      }
    },
    "gcs-resumable-upload": {
      "version": "0.9.0",
      "resolved": "https://registry.npmjs.org/gcs-resumable-upload/-/gcs-resumable-upload-0.9.0.tgz",
      "integrity": "sha512-+Zrmr0JKO2y/2mg953TW6JLu+NAMHqQsKzqCm7CIT24gMQakolPJCMzDleVpVjXAqB7ZCD276tcUq2ebOfqTug==",
      "requires": {
        "buffer-equal": "^1.0.0",
        "configstore": "^3.0.0",
        "google-auto-auth": "^0.9.0",
        "pumpify": "^1.3.3",
        "request": "^2.81.0",
        "stream-events": "^1.0.1",
        "through2": "^2.0.0"
      }
    },
    "getpass": {
      "version": "0.1.7",
      "resolved": "https://registry.npmjs.org/getpass/-/getpass-0.1.7.tgz",
      "integrity": "sha1-Xv+OPmhNVprkyysSgmBOi6YhSfo=",
      "requires": {
        "assert-plus": "^1.0.0"
      }
    },
    "gm": {
      "version": "1.23.1",
      "resolved": "https://registry.npmjs.org/gm/-/gm-1.23.1.tgz",
      "integrity": "sha1-Lt7rlYCE0PjqeYjl2ZWxx9/BR3c=",
      "requires": {
        "array-parallel": "~0.1.3",
        "array-series": "~0.1.5",
        "cross-spawn": "^4.0.0",
        "debug": "^3.1.0"
      }
    },
    "google-auth-library": {
      "version": "1.3.2",
      "resolved": "https://registry.npmjs.org/google-auth-library/-/google-auth-library-1.3.2.tgz",
      "integrity": "sha512-aRz0om4Bs85uyR2Ousk3Gb8Nffx2Sr2RoKts1smg1MhRwrehE1aD1HC4RmprNt1HVJ88IDnQ8biJQ/aXjiIxlQ==",
      "requires": {
        "axios": "^0.18.0",
        "gcp-metadata": "^0.6.2",
        "gtoken": "^2.1.1",
        "jws": "^3.1.4",
        "lodash.isstring": "^4.0.1",
        "lru-cache": "^4.1.2",
        "retry-axios": "^0.3.2"
      }
    },
    "google-auto-auth": {
      "version": "0.9.7",
      "resolved": "https://registry.npmjs.org/google-auto-auth/-/google-auto-auth-0.9.7.tgz",
      "integrity": "sha512-Nro7aIFrL2NP0G7PoGrJqXGMZj8AjdBOcbZXRRm/8T3w08NUHIiNN3dxpuUYzDsZizslH+c8e+7HXL8vh3JXTQ==",
      "requires": {
        "async": "^2.3.0",
        "gcp-metadata": "^0.6.1",
        "google-auth-library": "^1.3.1",
        "request": "^2.79.0"
      }
    },
    "google-p12-pem": {
      "version": "1.0.2",
      "resolved": "https://registry.npmjs.org/google-p12-pem/-/google-p12-pem-1.0.2.tgz",
      "integrity": "sha512-+EuKr4CLlGsnXx4XIJIVkcKYrsa2xkAmCvxRhX2HsazJzUBAJ35wARGeApHUn4nNfPD03Vl057FskNr20VaCyg==",
      "requires": {
        "node-forge": "^0.7.4",
        "pify": "^3.0.0"
      }
    },
    "graceful-fs": {
      "version": "4.1.11",
      "resolved": "https://registry.npmjs.org/graceful-fs/-/graceful-fs-4.1.11.tgz",
      "integrity": "sha1-Dovf5NHduIVNZOBOp8AOKgJuVlg="
    },
    "gtoken": {
      "version": "2.3.0",
      "resolved": "https://registry.npmjs.org/gtoken/-/gtoken-2.3.0.tgz",
      "integrity": "sha512-Jc9/8mV630cZE9FC5tIlJCZNdUjwunvlwOtCz6IDlaiB4Sz68ki29a1+q97sWTnTYroiuF9B135rod9zrQdHLw==",
      "requires": {
        "axios": "^0.18.0",
        "google-p12-pem": "^1.0.0",
        "jws": "^3.1.4",
        "mime": "^2.2.0",
        "pify": "^3.0.0"
      }
    },
    "har-schema": {
      "version": "2.0.0",
      "resolved": "https://registry.npmjs.org/har-schema/-/har-schema-2.0.0.tgz",
      "integrity": "sha1-qUwiJOvKwEeCoNkDVSHyRzW37JI="
    },
    "har-validator": {
      "version": "5.0.3",
      "resolved": "https://registry.npmjs.org/har-validator/-/har-validator-5.0.3.tgz",
      "integrity": "sha1-ukAsJmGU8VlW7xXg/PJCmT9qff0=",
      "requires": {
        "ajv": "^5.1.0",
        "har-schema": "^2.0.0"
      }
    },
    "hash-stream-validation": {
      "version": "0.2.1",
      "resolved": "https://registry.npmjs.org/hash-stream-validation/-/hash-stream-validation-0.2.1.tgz",
      "integrity": "sha1-7Mm5l7IYvluzEphii7gHhptz3NE=",
      "requires": {
        "through2": "^2.0.0"
      }
    },
    "hawk": {
      "version": "6.0.2",
      "resolved": "https://registry.npmjs.org/hawk/-/hawk-6.0.2.tgz",
      "integrity": "sha512-miowhl2+U7Qle4vdLqDdPt9m09K6yZhkLDTWGoUiUzrQCn+mHHSmfJgAyGaLRZbPmTqfFFjRV1QWCW0VWUJBbQ==",
      "requires": {
        "boom": "4.x.x",
        "cryptiles": "3.x.x",
        "hoek": "4.x.x",
        "sntp": "2.x.x"
      }
    },
    "hoek": {
      "version": "4.2.1",
      "resolved": "https://registry.npmjs.org/hoek/-/hoek-4.2.1.tgz",
      "integrity": "sha512-QLg82fGkfnJ/4iy1xZ81/9SIJiq1NGFUMGs6ParyjBZr6jW2Ufj/snDqTHixNlHdPNwN2RLVD0Pi3igeK9+JfA=="
    },
    "http-signature": {
      "version": "1.2.0",
      "resolved": "https://registry.npmjs.org/http-signature/-/http-signature-1.2.0.tgz",
      "integrity": "sha1-muzZJRFHcvPZW2WmCruPfBj7rOE=",
      "requires": {
        "assert-plus": "^1.0.0",
        "jsprim": "^1.2.2",
        "sshpk": "^1.7.0"
      }
    },
    "imurmurhash": {
      "version": "0.1.4",
      "resolved": "https://registry.npmjs.org/imurmurhash/-/imurmurhash-0.1.4.tgz",
      "integrity": "sha1-khi5srkoojixPcT7a21XbyMUU+o="
    },
    "inherits": {
      "version": "2.0.3",
      "resolved": "https://registry.npmjs.org/inherits/-/inherits-2.0.3.tgz",
      "integrity": "sha1-Yzwsg+PaQqUC9SRmAiSA9CCCYd4="
    },
    "is": {
      "version": "3.2.1",
      "resolved": "https://registry.npmjs.org/is/-/is-3.2.1.tgz",
      "integrity": "sha1-0Kwq1V63sL7JJqUmb2xmKqqD3KU="
    },
    "is-buffer": {
      "version": "1.1.6",
      "resolved": "https://registry.npmjs.org/is-buffer/-/is-buffer-1.1.6.tgz",
      "integrity": "sha512-NcdALwpXkTm5Zvvbk7owOUSvVvBKDgKP5/ewfXEznmQFfs4ZRmanOeKBTjRVjka3QFoN6XJ+9F3USqfHqTaU5w=="
    },
    "is-obj": {
      "version": "1.0.1",
      "resolved": "https://registry.npmjs.org/is-obj/-/is-obj-1.0.1.tgz",
      "integrity": "sha1-PkcprB9f3gJc19g6iW2rn09n2w8="
    },
    "is-stream-ended": {
      "version": "0.1.4",
      "resolved": "https://registry.npmjs.org/is-stream-ended/-/is-stream-ended-0.1.4.tgz",
      "integrity": "sha512-xj0XPvmr7bQFTvirqnFr50o0hQIh6ZItDqloxt5aJrR4NQsYeSsyFQERYGCAzfindAcnKjINnwEEgLx4IqVzQw=="
    },
    "is-typedarray": {
      "version": "1.0.0",
      "resolved": "https://registry.npmjs.org/is-typedarray/-/is-typedarray-1.0.0.tgz",
      "integrity": "sha1-5HnICFjfDBsR3dppQPlgEfzaSpo="
    },
    "isarray": {
      "version": "1.0.0",
      "resolved": "https://registry.npmjs.org/isarray/-/isarray-1.0.0.tgz",
      "integrity": "sha1-u5NdSFgsuhaMBoNJV6VKPgcSTxE="
    },
    "isexe": {
      "version": "2.0.0",
      "resolved": "https://registry.npmjs.org/isexe/-/isexe-2.0.0.tgz",
      "integrity": "sha1-6PvzdNxVb/iUehDcsFctYz8s+hA="
    },
    "isstream": {
      "version": "0.1.2",
      "resolved": "https://registry.npmjs.org/isstream/-/isstream-0.1.2.tgz",
      "integrity": "sha1-R+Y/evVa+m+S4VAOaQ64uFKcCZo="
    },
    "jsbn": {
      "version": "0.1.1",
      "resolved": "https://registry.npmjs.org/jsbn/-/jsbn-0.1.1.tgz",
      "integrity": "sha1-peZUwuWi3rXyAdls77yoDA7y9RM=",
      "optional": true
    },
    "json-schema": {
      "version": "0.2.3",
      "resolved": "https://registry.npmjs.org/json-schema/-/json-schema-0.2.3.tgz",
      "integrity": "sha1-tIDIkuWaLwWVTOcnvT8qTogvnhM="
    },
    "json-schema-traverse": {
      "version": "0.3.1",
      "resolved": "https://registry.npmjs.org/json-schema-traverse/-/json-schema-traverse-0.3.1.tgz",
      "integrity": "sha1-NJptRMU6Ud6JtAgFxdXlm0F9M0A="
    },
    "json-stringify-safe": {
      "version": "5.0.1",
      "resolved": "https://registry.npmjs.org/json-stringify-safe/-/json-stringify-safe-5.0.1.tgz",
      "integrity": "sha1-Epai1Y/UXxmg9s4B1lcB4sc1tus="
    },
    "jsprim": {
      "version": "1.4.1",
      "resolved": "https://registry.npmjs.org/jsprim/-/jsprim-1.4.1.tgz",
      "integrity": "sha1-MT5mvB5cwG5Di8G3SZwuXFastqI=",
      "requires": {
        "assert-plus": "1.0.0",
        "extsprintf": "1.3.0",
        "json-schema": "0.2.3",
        "verror": "1.10.0"
      }
    },
    "jwa": {
      "version": "1.1.5",
      "resolved": "https://registry.npmjs.org/jwa/-/jwa-1.1.5.tgz",
      "integrity": "sha1-oFUs4CIHQs1S4VN3SjKQXDDnVuU=",
      "requires": {
        "base64url": "2.0.0",
        "buffer-equal-constant-time": "1.0.1",
        "ecdsa-sig-formatter": "1.0.9",
        "safe-buffer": "^5.0.1"
      }
    },
    "jws": {
      "version": "3.1.4",
      "resolved": "https://registry.npmjs.org/jws/-/jws-3.1.4.tgz",
      "integrity": "sha1-+ei5M46KhHJ31kRLFGT2GIDgUKI=",
      "requires": {
        "base64url": "^2.0.0",
        "jwa": "^1.1.4",
        "safe-buffer": "^5.0.1"
      }
    },
    "lodash": {
      "version": "4.17.5",
      "resolved": "https://registry.npmjs.org/lodash/-/lodash-4.17.5.tgz",
      "integrity": "sha512-svL3uiZf1RwhH+cWrfZn3A4+U58wbP0tGVTLQPbjplZxZ8ROD9VLuNgsRniTlLe7OlSqR79RUehXgpBW/s0IQw=="
    },
    "lodash.isstring": {
      "version": "4.0.1",
      "resolved": "https://registry.npmjs.org/lodash.isstring/-/lodash.isstring-4.0.1.tgz",
      "integrity": "sha1-1SfftUVuynzJu5XV2ur4i6VKVFE="
    },
    "log-driver": {
      "version": "1.2.7",
      "resolved": "https://registry.npmjs.org/log-driver/-/log-driver-1.2.7.tgz",
      "integrity": "sha512-U7KCmLdqsGHBLeWqYlFA0V0Sl6P08EE1ZrmA9cxjUE0WVqT9qnyVDPz1kzpFEP0jdJuFnasWIfSd7fsaNXkpbg=="
    },
    "lru-cache": {
      "version": "4.1.2",
      "resolved": "https://registry.npmjs.org/lru-cache/-/lru-cache-4.1.2.tgz",
      "integrity": "sha512-wgeVXhrDwAWnIF/yZARsFnMBtdFXOg1b8RIrhilp+0iDYN4mdQcNZElDZ0e4B64BhaxeQ5zN7PMyvu7we1kPeQ==",
      "requires": {
        "pseudomap": "^1.0.2",
        "yallist": "^2.1.2"
      }
    },
    "make-dir": {
      "version": "1.2.0",
      "resolved": "https://registry.npmjs.org/make-dir/-/make-dir-1.2.0.tgz",
      "integrity": "sha512-aNUAa4UMg/UougV25bbrU4ZaaKNjJ/3/xnvg/twpmKROPdKZPZ9wGgI0opdZzO8q/zUFawoUuixuOv33eZ61Iw==",
      "requires": {
        "pify": "^3.0.0"
      }
    },
    "methmeth": {
      "version": "1.1.0",
      "resolved": "https://registry.npmjs.org/methmeth/-/methmeth-1.1.0.tgz",
      "integrity": "sha1-6AomYY5S9cQiKGG7dIUQvRDikIk="
    },
    "mime": {
      "version": "2.2.2",
      "resolved": "https://registry.npmjs.org/mime/-/mime-2.2.2.tgz",
      "integrity": "sha512-A7PDg4s48MkqFEcYg2b069m3DXOEq7hx+9q9rIFrSSYfzsh35GX+LOVMQ8Au0ko7d8bSQCIAuzkjp0vCtwENlQ=="
    },
    "mime-db": {
      "version": "1.33.0",
      "resolved": "https://registry.npmjs.org/mime-db/-/mime-db-1.33.0.tgz",
      "integrity": "sha512-BHJ/EKruNIqJf/QahvxwQZXKygOQ256myeN/Ew+THcAa5q+PjyTTMMeNQC4DZw5AwfvelsUrA6B67NKMqXDbzQ=="
    },
    "mime-types": {
      "version": "2.1.18",
      "resolved": "https://registry.npmjs.org/mime-types/-/mime-types-2.1.18.tgz",
      "integrity": "sha512-lc/aahn+t4/SWV/qcmumYjymLsWfN3ELhpmVuUFjgsORruuZPVSwAQryq+HHGvO/SI2KVX26bx+En+zhM8g8hQ==",
      "requires": {
        "mime-db": "~1.33.0"
      }
    },
    "modelo": {
      "version": "4.2.3",
      "resolved": "https://registry.npmjs.org/modelo/-/modelo-4.2.3.tgz",
      "integrity": "sha512-9DITV2YEMcw7XojdfvGl3gDD8J9QjZTJ7ZOUuSAkP+F3T6rDbzMJuPktxptsdHYEvZcmXrCD3LMOhdSAEq6zKA=="
    },
    "ms": {
      "version": "2.0.0",
      "resolved": "https://registry.npmjs.org/ms/-/ms-2.0.0.tgz",
      "integrity": "sha1-VgiurfwAvmwpAd9fmGF4jeDVl8g="
    },
    "node-forge": {
      "version": "0.7.5",
      "resolved": "https://registry.npmjs.org/node-forge/-/node-forge-0.7.5.tgz",
      "integrity": "sha512-MmbQJ2MTESTjt3Gi/3yG1wGpIMhUfcIypUCGtTizFR9IiccFwxSpfp0vtIZlkFclEqERemxfnSdZEMR9VqqEFQ=="
    },
    "oauth-sign": {
      "version": "0.8.2",
      "resolved": "https://registry.npmjs.org/oauth-sign/-/oauth-sign-0.8.2.tgz",
      "integrity": "sha1-Rqarfwrq2N6unsBWV4C31O/rnUM="
    },
    "once": {
      "version": "1.4.0",
      "resolved": "https://registry.npmjs.org/once/-/once-1.4.0.tgz",
      "integrity": "sha1-WDsap3WWHUsROsF9nFC6753Xa9E=",
      "requires": {
        "wrappy": "1"
      }
    },
    "performance-now": {
      "version": "2.1.0",
      "resolved": "https://registry.npmjs.org/performance-now/-/performance-now-2.1.0.tgz",
      "integrity": "sha1-Ywn04OX6kT7BxpMHrjZLSzd8nns="
    },
    "pify": {
      "version": "3.0.0",
      "resolved": "https://registry.npmjs.org/pify/-/pify-3.0.0.tgz",
      "integrity": "sha1-5aSs0sEB/fPZpNB/DbxNtJ3SgXY="
    },
    "process-nextick-args": {
      "version": "2.0.0",
      "resolved": "https://registry.npmjs.org/process-nextick-args/-/process-nextick-args-2.0.0.tgz",
      "integrity": "sha512-MtEC1TqN0EU5nephaJ4rAtThHtC86dNN9qCuEhtshvpVBkAW5ZO7BASN9REnF9eoXGcRub+pFuKEpOHE+HbEMw=="
    },
    "pseudomap": {
      "version": "1.0.2",
      "resolved": "https://registry.npmjs.org/pseudomap/-/pseudomap-1.0.2.tgz",
      "integrity": "sha1-8FKijacOYYkX7wqKw0wa5aaChrM="
    },
    "pump": {
      "version": "2.0.1",
      "resolved": "https://registry.npmjs.org/pump/-/pump-2.0.1.tgz",
      "integrity": "sha512-ruPMNRkN3MHP1cWJc9OWr+T/xDP0jhXYCLfJcBuX54hhfIBnaQmAUMfDcG4DM5UMWByBbJY69QSphm3jtDKIkA==",
      "requires": {
        "end-of-stream": "^1.1.0",
        "once": "^1.3.1"
      }
    },
    "pumpify": {
      "version": "1.4.0",
      "resolved": "https://registry.npmjs.org/pumpify/-/pumpify-1.4.0.tgz",
      "integrity": "sha512-2kmNR9ry+Pf45opRVirpNuIFotsxUGLaYqxIwuR77AYrYRMuFCz9eryHBS52L360O+NcR383CL4QYlMKPq4zYA==",
      "requires": {
        "duplexify": "^3.5.3",
        "inherits": "^2.0.3",
        "pump": "^2.0.0"
      }
    },
    "punycode": {
      "version": "1.4.1",
      "resolved": "https://registry.npmjs.org/punycode/-/punycode-1.4.1.tgz",
      "integrity": "sha1-wNWmOycYgArY4esPpSachN1BhF4="
    },
    "qs": {
      "version": "6.5.1",
      "resolved": "https://registry.npmjs.org/qs/-/qs-6.5.1.tgz",
      "integrity": "sha512-eRzhrN1WSINYCDCbrz796z37LOe3m5tmW7RQf6oBntukAG1nmovJvhnwHHRMAfeoItc1m2Hk02WER2aQ/iqs+A=="
    },
    "readable-stream": {
      "version": "2.3.6",
      "resolved": "https://registry.npmjs.org/readable-stream/-/readable-stream-2.3.6.tgz",
      "integrity": "sha512-tQtKA9WIAhBF3+VLAseyMqZeBjW0AHJoxOtYqSUZNJxauErmLbVm2FW1y+J/YA9dUrAC39ITejlZWhVIwawkKw==",
      "requires": {
        "core-util-is": "~1.0.0",
        "inherits": "~2.0.3",
        "isarray": "~1.0.0",
        "process-nextick-args": "~2.0.0",
        "safe-buffer": "~5.1.1",
        "string_decoder": "~1.1.1",
        "util-deprecate": "~1.0.1"
      }
    },
    "request": {
      "version": "2.85.0",
      "resolved": "https://registry.npmjs.org/request/-/request-2.85.0.tgz",
      "integrity": "sha512-8H7Ehijd4js+s6wuVPLjwORxD4zeuyjYugprdOXlPSqaApmL/QOy+EB/beICHVCHkGMKNh5rvihb5ov+IDw4mg==",
      "requires": {
        "aws-sign2": "~0.7.0",
        "aws4": "^1.6.0",
        "caseless": "~0.12.0",
        "combined-stream": "~1.0.5",
        "extend": "~3.0.1",
        "forever-agent": "~0.6.1",
        "form-data": "~2.3.1",
        "har-validator": "~5.0.3",
        "hawk": "~6.0.2",
        "http-signature": "~1.2.0",
        "is-typedarray": "~1.0.0",
        "isstream": "~0.1.2",
        "json-stringify-safe": "~5.0.1",
        "mime-types": "~2.1.17",
        "oauth-sign": "~0.8.2",
        "performance-now": "^2.1.0",
        "qs": "~6.5.1",
        "safe-buffer": "^5.1.1",
        "stringstream": "~0.0.5",
        "tough-cookie": "~2.3.3",
        "tunnel-agent": "^0.6.0",
        "uuid": "^3.1.0"
      }
    },
    "retry-axios": {
      "version": "0.3.2",
      "resolved": "https://registry.npmjs.org/retry-axios/-/retry-axios-0.3.2.tgz",
      "integrity": "sha512-jp4YlI0qyDFfXiXGhkCOliBN1G7fRH03Nqy8YdShzGqbY5/9S2x/IR6C88ls2DFkbWuL3ASkP7QD3pVrNpPgwQ=="
    },
    "retry-request": {
      "version": "3.3.1",
      "resolved": "https://registry.npmjs.org/retry-request/-/retry-request-3.3.1.tgz",
      "integrity": "sha512-PjAmtWIxjNj4Co/6FRtBl8afRP3CxrrIAnUzb1dzydfROd+6xt7xAebFeskgQgkfFf8NmzrXIoaB3HxmswXyxw==",
      "requires": {
        "request": "^2.81.0",
        "through2": "^2.0.0"
      }
    },
    "safe-buffer": {
      "version": "5.1.1",
      "resolved": "https://registry.npmjs.org/safe-buffer/-/safe-buffer-5.1.1.tgz",
      "integrity": "sha512-kKvNJn6Mm93gAczWVJg7wH+wGYWNrDHdWvpUmHyEsgCtIwwo3bqPtV4tR5tuPaUhTOo/kvhVwd8XwwOllGYkbg=="
    },
    "signal-exit": {
      "version": "3.0.2",
      "resolved": "https://registry.npmjs.org/signal-exit/-/signal-exit-3.0.2.tgz",
      "integrity": "sha1-tf3AjxKH6hF4Yo5BXiUTK3NkbG0="
    },
    "snakeize": {
      "version": "0.1.0",
      "resolved": "https://registry.npmjs.org/snakeize/-/snakeize-0.1.0.tgz",
      "integrity": "sha1-EMCI2LWOsHazIpu1oE4jLOEmQi0="
    },
    "sntp": {
      "version": "2.1.0",
      "resolved": "https://registry.npmjs.org/sntp/-/sntp-2.1.0.tgz",
      "integrity": "sha512-FL1b58BDrqS3A11lJ0zEdnJ3UOKqVxawAkF3k7F0CVN7VQ34aZrV+G8BZ1WC9ZL7NyrwsW0oviwsWDgRuVYtJg==",
      "requires": {
        "hoek": "4.x.x"
      }
    },
    "split-array-stream": {
      "version": "1.0.3",
      "resolved": "https://registry.npmjs.org/split-array-stream/-/split-array-stream-1.0.3.tgz",
      "integrity": "sha1-0rdajl4Ngk1S/eyLgiWDncLjXfo=",
      "requires": {
        "async": "^2.4.0",
        "is-stream-ended": "^0.1.0"
      }
    },
    "sshpk": {
      "version": "1.14.1",
      "resolved": "https://registry.npmjs.org/sshpk/-/sshpk-1.14.1.tgz",
      "integrity": "sha1-Ew9Zde3a2WPx1W+SuaxsUfqfg+s=",
      "requires": {
        "asn1": "~0.2.3",
        "assert-plus": "^1.0.0",
        "bcrypt-pbkdf": "^1.0.0",
        "dashdash": "^1.12.0",
        "ecc-jsbn": "~0.1.1",
        "getpass": "^0.1.1",
        "jsbn": "~0.1.0",
        "tweetnacl": "~0.14.0"
      }
    },
    "stream-events": {
      "version": "1.0.3",
      "resolved": "https://registry.npmjs.org/stream-events/-/stream-events-1.0.3.tgz",
      "integrity": "sha512-SvnBCMhEBQSJml4/ImlWkzGWgchjo1tVxnoBUOa1i1g3BsYNWz4W6a9Hc8VhqfmwJiEGu6tLrGdNRm/K/I4YXw==",
      "requires": {
        "stubs": "^3.0.0"
      }
    },
    "stream-shift": {
      "version": "1.0.0",
      "resolved": "https://registry.npmjs.org/stream-shift/-/stream-shift-1.0.0.tgz",
      "integrity": "sha1-1cdSgl5TZ+eG944Y5EXqIjoVWVI="
    },
    "string-format-obj": {
      "version": "1.1.1",
      "resolved": "https://registry.npmjs.org/string-format-obj/-/string-format-obj-1.1.1.tgz",
      "integrity": "sha512-Mm+sROy+pHJmx0P/0Bs1uxIX6UhGJGj6xDGQZ5zh9v/SZRmLGevp+p0VJxV7lirrkAmQ2mvva/gHKpnF/pTb+Q=="
    },
    "string_decoder": {
      "version": "1.1.1",
      "resolved": "https://registry.npmjs.org/string_decoder/-/string_decoder-1.1.1.tgz",
      "integrity": "sha512-n/ShnvDi6FHbbVfviro+WojiFzv+s8MPMHBczVePfUpDJLwoLT0ht1l4YwBCbi8pJAveEEdnkHyPyTP/mzRfwg==",
      "requires": {
        "safe-buffer": "~5.1.0"
      }
    },
    "stringstream": {
      "version": "0.0.5",
      "resolved": "https://registry.npmjs.org/stringstream/-/stringstream-0.0.5.tgz",
      "integrity": "sha1-TkhM1N5aC7vuGORjB3EKioFiGHg="
    },
    "stubs": {
      "version": "3.0.0",
      "resolved": "https://registry.npmjs.org/stubs/-/stubs-3.0.0.tgz",
      "integrity": "sha1-6NK6H6nJBXAwPAMLaQD31fiavls="
    },
    "through2": {
      "version": "2.0.3",
      "resolved": "https://registry.npmjs.org/through2/-/through2-2.0.3.tgz",
      "integrity": "sha1-AARWmzfHx0ujnEPzzteNGtlBQL4=",
      "requires": {
        "readable-stream": "^2.1.5",
        "xtend": "~4.0.1"
      }
    },
    "tough-cookie": {
      "version": "2.3.4",
      "resolved": "https://registry.npmjs.org/tough-cookie/-/tough-cookie-2.3.4.tgz",
      "integrity": "sha512-TZ6TTfI5NtZnuyy/Kecv+CnoROnyXn2DN97LontgQpCwsX2XyLYCC0ENhYkehSOwAp8rTQKc/NUIF7BkQ5rKLA==",
      "requires": {
        "punycode": "^1.4.1"
      }
    },
    "tunnel-agent": {
      "version": "0.6.0",
      "resolved": "https://registry.npmjs.org/tunnel-agent/-/tunnel-agent-0.6.0.tgz",
      "integrity": "sha1-J6XeoGs2sEoKmWZ3SykIaPD8QP0=",
      "requires": {
        "safe-buffer": "^5.0.1"
      }
    },
    "tweetnacl": {
      "version": "0.14.5",
      "resolved": "https://registry.npmjs.org/tweetnacl/-/tweetnacl-0.14.5.tgz",
      "integrity": "sha1-WuaBd/GS1EViadEIr6k/+HQ/T2Q=",
      "optional": true
    },
    "typedarray": {
      "version": "0.0.6",
      "resolved": "https://registry.npmjs.org/typedarray/-/typedarray-0.0.6.tgz",
      "integrity": "sha1-hnrHTjhkGHsdPUfZlqeOxciDB3c="
    },
    "unique-string": {
      "version": "1.0.0",
      "resolved": "https://registry.npmjs.org/unique-string/-/unique-string-1.0.0.tgz",
      "integrity": "sha1-nhBXzKhRq7kzmPizOuGHuZyuwRo=",
      "requires": {
        "crypto-random-string": "^1.0.0"
      }
    },
    "util-deprecate": {
      "version": "1.0.2",
      "resolved": "https://registry.npmjs.org/util-deprecate/-/util-deprecate-1.0.2.tgz",
      "integrity": "sha1-RQ1Nyfpw3nMnYvvS1KKJgUGaDM8="
    },
    "uuid": {
      "version": "3.2.1",
      "resolved": "https://registry.npmjs.org/uuid/-/uuid-3.2.1.tgz",
      "integrity": "sha512-jZnMwlb9Iku/O3smGWvZhauCf6cvvpKi4BKRiliS3cxnI+Gz9j5MEpTz2UFuXiKPJocb7gnsLHwiS05ige5BEA=="
    },
    "verror": {
      "version": "1.10.0",
      "resolved": "https://registry.npmjs.org/verror/-/verror-1.10.0.tgz",
      "integrity": "sha1-OhBcoXBTr1XW4nDB+CiGguGNpAA=",
      "requires": {
        "assert-plus": "^1.0.0",
        "core-util-is": "1.0.2",
        "extsprintf": "^1.2.0"
      }
    },
    "which": {
      "version": "1.3.0",
      "resolved": "https://registry.npmjs.org/which/-/which-1.3.0.tgz",
      "integrity": "sha512-xcJpopdamTuY5duC/KnTTNBraPK54YwpenP4lzxU8H91GudWpFv38u0CKjclE1Wi2EH2EDz5LRcHcKbCIzqGyg==",
      "requires": {
        "isexe": "^2.0.0"
      }
    },
    "wrappy": {
      "version": "1.0.2",
      "resolved": "https://registry.npmjs.org/wrappy/-/wrappy-1.0.2.tgz",
      "integrity": "sha1-tSQ9jz7BqjXxNkYFvA0QNuMKtp8="
    },
    "write-file-atomic": {
      "version": "2.3.0",
      "resolved": "https://registry.npmjs.org/write-file-atomic/-/write-file-atomic-2.3.0.tgz",
      "integrity": "sha512-xuPeK4OdjWqtfi59ylvVL0Yn35SF3zgcAcv7rBPFHVaEapaDr4GdGgm3j7ckTwH9wHL7fGmgfAnb0+THrHb8tA==",
      "requires": {
        "graceful-fs": "^4.1.11",
        "imurmurhash": "^0.1.4",
        "signal-exit": "^3.0.2"
      }
    },
    "xdg-basedir": {
      "version": "3.0.0",
      "resolved": "https://registry.npmjs.org/xdg-basedir/-/xdg-basedir-3.0.0.tgz",
      "integrity": "sha1-SWsswQnsqNus/i3HK2A8F8WHCtQ="
    },
    "xtend": {
      "version": "4.0.1",
      "resolved": "https://registry.npmjs.org/xtend/-/xtend-4.0.1.tgz",
      "integrity": "sha1-pcbVMr5lbiPbgg77lDofBJmNY68="
    },
    "yallist": {
      "version": "2.1.2",
      "resolved": "https://registry.npmjs.org/yallist/-/yallist-2.1.2.tgz",
      "integrity": "sha1-HBH5IY8HYImkfdUS+TxmmaaoHVI="
    }
  }
}
